
Microsoft Visual Studio Solution File, Format Version 12.00
# Visual Studio Version 17
VisualStudioVersion = 17.3.32811.315
MinimumVisualStudioVersion = 10.0.40219.1
Project("{8BC9CEB8-8B4A-11D0-8D11-00A0C91BC942}") = "確認課題", "確認課題.vcxproj", "{EDA93E86-73FE-4CD1-991B-8F66356AC16E}"
EndProject
Global
	GlobalSection(SolutionConfigurationPlatforms) = preSolution
		Debug|x64 = Debug|x64
		Release|x64 = Release|x64
	EndGlobalSection
	GlobalSection(ProjectConfigurationPlatforms) = postSolution
		{EDA93E86-73FE-4CD1-991B-8F66356AC16E}.Debug|x64.ActiveCfg = Debug|x64
		{EDA93E86-73FE-4CD1-991B-8F66356AC16E}.Debug|x64.Build.0 = Debug|x64
		{EDA93E86-73FE-4CD1-991B-8F66356AC16E}.Release|x64.ActiveCfg = Release|x64
		{EDA93E86-73FE-4CD1-991B-8F66356AC16E}.Release|x64.Build.0 = Release|x64
	EndGlobalSection
	GlobalSection(SolutionProperties) = preSolution
		HideSolutionNode = FALSE
	EndGlobalSection
	GlobalSection(ExtensibilityGlobals) = postSolution
		SolutionGuid = {BDE39D6D-143E-49F7-B0BB-611001A5D462}
	EndGlobalSection
EndGlobal
